
Microsoft Visual Studio Solution File, Format Version 12.00
# Visual Studio Version 17
VisualStudioVersion = 17.8.34525.116
MinimumVisualStudioVersion = 10.0.40219.1
Project("{2150E333-8FDC-42A3-9474-1A3956D46DE8}") = "Services", "Services", "{F352881D-02A4-4D20-8CCA-D235F0C5720A}"
EndProject
Project("{2150E333-8FDC-42A3-9474-1A3956D46DE8}") = "Catalog", "Catalog", "{A34CB648-2B5C-45EC-9ED1-099842A116F2}"
EndProject
Project("{9A19103F-16F7-4668-BE54-9A1E7A4F7556}") = "Catalog.Api", "Services\Catalog\Catalog.Api\Catalog.Api.csproj", "{52F8C9AB-8606-4EB0-85C9-8208E15C5D66}"
EndProject
Project("{9A19103F-16F7-4668-BE54-9A1E7A4F7556}") = "Catalog.Core", "Services\Catalog\Catalog.Core\Catalog.Core.csproj", "{4F0B7F6D-996A-4077-8DA3-905DAC71637E}"
EndProject
Project("{9A19103F-16F7-4668-BE54-9A1E7A4F7556}") = "Catalog.Application", "Services\Catalog\Catalog.Application\Catalog.Application.csproj", "{70E48B0B-ED5A-476B-B1B7-DB6CB18F69A8}"
EndProject
Project("{9A19103F-16F7-4668-BE54-9A1E7A4F7556}") = "Catalog.Infrastructure", "Services\Catalog\Catalog.Infrastructure\Catalog.Infrastructure.csproj", "{BABD3783-02FD-42CB-AF47-8F858E41ACF3}"
EndProject
Project("{E53339B2-1760-4266-BCC7-CA923CBCF16C}") = "docker-compose", "docker-compose.dcproj", "{977C5BD1-3FE3-4587-B445-8966F506BB73}"
EndProject
Project("{2150E333-8FDC-42A3-9474-1A3956D46DE8}") = "Basket", "Basket", "{4D81AF84-D8D0-4DC9-976D-D6F10DBDF707}"
EndProject
Project("{9A19103F-16F7-4668-BE54-9A1E7A4F7556}") = "Basket.Application", "Services\Basket\Basket.Application\Basket.Application.csproj", "{8C595CE1-DBD0-4E69-B8EF-C4A64D9A6F64}"
EndProject
Project("{9A19103F-16F7-4668-BE54-9A1E7A4F7556}") = "Basket.Core", "Services\Basket\Basket.Core\Basket.Core.csproj", "{374FC9E7-58E8-4C8B-8ADC-DD06AC551894}"
EndProject
Project("{9A19103F-16F7-4668-BE54-9A1E7A4F7556}") = "Basket.Infrastructure", "Services\Basket\Basket.Infrastructure\Basket.Infrastructure.csproj", "{E7C2C6B4-7266-4EA1-994E-F5222B55FE38}"
EndProject
Project("{9A19103F-16F7-4668-BE54-9A1E7A4F7556}") = "Basket.API", "Services\Basket\Basket.API\Basket.API.csproj", "{06FE06BD-D7EC-4147-B52C-F23B9F807274}"
EndProject
Project("{2150E333-8FDC-42A3-9474-1A3956D46DE8}") = "Discount", "Discount", "{E41D50A6-B94D-4FB1-A568-F7A7E1F69C40}"
EndProject
Project("{FAE04EC0-301F-11D3-BF4B-00C04F79EFBC}") = "Discount.API", "Services\Discount\Discount.API\Discount.API.csproj", "{7CB404F6-CD78-4370-A336-A5C8130BDF1E}"
EndProject
Project("{FAE04EC0-301F-11D3-BF4B-00C04F79EFBC}") = "Discount.Infrastructure", "Services\Discount\Discount.Infrastructure\Discount.Infrastructure.csproj", "{94A6319D-9484-4A4A-9654-ED89868A3FEC}"
EndProject
Project("{FAE04EC0-301F-11D3-BF4B-00C04F79EFBC}") = "Discount.Application", "Services\Discount\Discount.Application\Discount.Application.csproj", "{FE43D7A6-F82D-4BBF-B572-8413CB44A56B}"
EndProject
Project("{FAE04EC0-301F-11D3-BF4B-00C04F79EFBC}") = "Discount.Core", "Services\Discount\Discount.Core\Discount.Core.csproj", "{BAE507CF-34A1-49FB-9476-EDABC2F71E78}"
EndProject
Global
	GlobalSection(SolutionConfigurationPlatforms) = preSolution
		Debug|Any CPU = Debug|Any CPU
		Release|Any CPU = Release|Any CPU
	EndGlobalSection
	GlobalSection(ProjectConfigurationPlatforms) = postSolution
		{52F8C9AB-8606-4EB0-85C9-8208E15C5D66}.Debug|Any CPU.ActiveCfg = Debug|Any CPU
		{52F8C9AB-8606-4EB0-85C9-8208E15C5D66}.Debug|Any CPU.Build.0 = Debug|Any CPU
		{52F8C9AB-8606-4EB0-85C9-8208E15C5D66}.Release|Any CPU.ActiveCfg = Release|Any CPU
		{52F8C9AB-8606-4EB0-85C9-8208E15C5D66}.Release|Any CPU.Build.0 = Release|Any CPU
		{4F0B7F6D-996A-4077-8DA3-905DAC71637E}.Debug|Any CPU.ActiveCfg = Debug|Any CPU
		{4F0B7F6D-996A-4077-8DA3-905DAC71637E}.Debug|Any CPU.Build.0 = Debug|Any CPU
		{4F0B7F6D-996A-4077-8DA3-905DAC71637E}.Release|Any CPU.ActiveCfg = Release|Any CPU
		{4F0B7F6D-996A-4077-8DA3-905DAC71637E}.Release|Any CPU.Build.0 = Release|Any CPU
		{70E48B0B-ED5A-476B-B1B7-DB6CB18F69A8}.Debug|Any CPU.ActiveCfg = Debug|Any CPU
		{70E48B0B-ED5A-476B-B1B7-DB6CB18F69A8}.Debug|Any CPU.Build.0 = Debug|Any CPU
		{70E48B0B-ED5A-476B-B1B7-DB6CB18F69A8}.Release|Any CPU.ActiveCfg = Release|Any CPU
		{70E48B0B-ED5A-476B-B1B7-DB6CB18F69A8}.Release|Any CPU.Build.0 = Release|Any CPU
		{BABD3783-02FD-42CB-AF47-8F858E41ACF3}.Debug|Any CPU.ActiveCfg = Debug|Any CPU
		{BABD3783-02FD-42CB-AF47-8F858E41ACF3}.Debug|Any CPU.Build.0 = Debug|Any CPU
		{BABD3783-02FD-42CB-AF47-8F858E41ACF3}.Release|Any CPU.ActiveCfg = Release|Any CPU
		{BABD3783-02FD-42CB-AF47-8F858E41ACF3}.Release|Any CPU.Build.0 = Release|Any CPU
		{977C5BD1-3FE3-4587-B445-8966F506BB73}.Debug|Any CPU.ActiveCfg = Debug|Any CPU
		{977C5BD1-3FE3-4587-B445-8966F506BB73}.Debug|Any CPU.Build.0 = Debug|Any CPU
		{977C5BD1-3FE3-4587-B445-8966F506BB73}.Release|Any CPU.ActiveCfg = Release|Any CPU
		{977C5BD1-3FE3-4587-B445-8966F506BB73}.Release|Any CPU.Build.0 = Release|Any CPU
		{8C595CE1-DBD0-4E69-B8EF-C4A64D9A6F64}.Debug|Any CPU.ActiveCfg = Debug|Any CPU
		{8C595CE1-DBD0-4E69-B8EF-C4A64D9A6F64}.Debug|Any CPU.Build.0 = Debug|Any CPU
		{8C595CE1-DBD0-4E69-B8EF-C4A64D9A6F64}.Release|Any CPU.ActiveCfg = Release|Any CPU
		{8C595CE1-DBD0-4E69-B8EF-C4A64D9A6F64}.Release|Any CPU.Build.0 = Release|Any CPU
		{374FC9E7-58E8-4C8B-8ADC-DD06AC551894}.Debug|Any CPU.ActiveCfg = Debug|Any CPU
		{374FC9E7-58E8-4C8B-8ADC-DD06AC551894}.Debug|Any CPU.Build.0 = Debug|Any CPU
		{374FC9E7-58E8-4C8B-8ADC-DD06AC551894}.Release|Any CPU.ActiveCfg = Release|Any CPU
		{374FC9E7-58E8-4C8B-8ADC-DD06AC551894}.Release|Any CPU.Build.0 = Release|Any CPU
		{E7C2C6B4-7266-4EA1-994E-F5222B55FE38}.Debug|Any CPU.ActiveCfg = Debug|Any CPU
		{E7C2C6B4-7266-4EA1-994E-F5222B55FE38}.Debug|Any CPU.Build.0 = Debug|Any CPU
		{E7C2C6B4-7266-4EA1-994E-F5222B55FE38}.Release|Any CPU.ActiveCfg = Release|Any CPU
		{E7C2C6B4-7266-4EA1-994E-F5222B55FE38}.Release|Any CPU.Build.0 = Release|Any CPU
		{06FE06BD-D7EC-4147-B52C-F23B9F807274}.Debug|Any CPU.ActiveCfg = Debug|Any CPU
		{06FE06BD-D7EC-4147-B52C-F23B9F807274}.Debug|Any CPU.Build.0 = Debug|Any CPU
		{06FE06BD-D7EC-4147-B52C-F23B9F807274}.Release|Any CPU.ActiveCfg = Release|Any CPU
		{06FE06BD-D7EC-4147-B52C-F23B9F807274}.Release|Any CPU.Build.0 = Release|Any CPU
		{7CB404F6-CD78-4370-A336-A5C8130BDF1E}.Debug|Any CPU.ActiveCfg = Debug|Any CPU
		{7CB404F6-CD78-4370-A336-A5C8130BDF1E}.Debug|Any CPU.Build.0 = Debug|Any CPU
		{7CB404F6-CD78-4370-A336-A5C8130BDF1E}.Release|Any CPU.ActiveCfg = Release|Any CPU
		{7CB404F6-CD78-4370-A336-A5C8130BDF1E}.Release|Any CPU.Build.0 = Release|Any CPU
		{94A6319D-9484-4A4A-9654-ED89868A3FEC}.Debug|Any CPU.ActiveCfg = Debug|Any CPU
		{94A6319D-9484-4A4A-9654-ED89868A3FEC}.Debug|Any CPU.Build.0 = Debug|Any CPU
		{94A6319D-9484-4A4A-9654-ED89868A3FEC}.Release|Any CPU.ActiveCfg = Release|Any CPU
		{94A6319D-9484-4A4A-9654-ED89868A3FEC}.Release|Any CPU.Build.0 = Release|Any CPU
		{FE43D7A6-F82D-4BBF-B572-8413CB44A56B}.Debug|Any CPU.ActiveCfg = Debug|Any CPU
		{FE43D7A6-F82D-4BBF-B572-8413CB44A56B}.Debug|Any CPU.Build.0 = Debug|Any CPU
		{FE43D7A6-F82D-4BBF-B572-8413CB44A56B}.Release|Any CPU.ActiveCfg = Release|Any CPU
		{FE43D7A6-F82D-4BBF-B572-8413CB44A56B}.Release|Any CPU.Build.0 = Release|Any CPU
		{BAE507CF-34A1-49FB-9476-EDABC2F71E78}.Debug|Any CPU.ActiveCfg = Debug|Any CPU
		{BAE507CF-34A1-49FB-9476-EDABC2F71E78}.Debug|Any CPU.Build.0 = Debug|Any CPU
		{BAE507CF-34A1-49FB-9476-EDABC2F71E78}.Release|Any CPU.ActiveCfg = Release|Any CPU
		{BAE507CF-34A1-49FB-9476-EDABC2F71E78}.Release|Any CPU.Build.0 = Release|Any CPU
	EndGlobalSection
	GlobalSection(SolutionProperties) = preSolution
		HideSolutionNode = FALSE
	EndGlobalSection
	GlobalSection(NestedProjects) = preSolution
		{A34CB648-2B5C-45EC-9ED1-099842A116F2} = {F352881D-02A4-4D20-8CCA-D235F0C5720A}
		{52F8C9AB-8606-4EB0-85C9-8208E15C5D66} = {A34CB648-2B5C-45EC-9ED1-099842A116F2}
		{4F0B7F6D-996A-4077-8DA3-905DAC71637E} = {A34CB648-2B5C-45EC-9ED1-099842A116F2}
		{70E48B0B-ED5A-476B-B1B7-DB6CB18F69A8} = {A34CB648-2B5C-45EC-9ED1-099842A116F2}
		{BABD3783-02FD-42CB-AF47-8F858E41ACF3} = {A34CB648-2B5C-45EC-9ED1-099842A116F2}
		{4D81AF84-D8D0-4DC9-976D-D6F10DBDF707} = {F352881D-02A4-4D20-8CCA-D235F0C5720A}
		{8C595CE1-DBD0-4E69-B8EF-C4A64D9A6F64} = {4D81AF84-D8D0-4DC9-976D-D6F10DBDF707}
		{374FC9E7-58E8-4C8B-8ADC-DD06AC551894} = {4D81AF84-D8D0-4DC9-976D-D6F10DBDF707}
		{E7C2C6B4-7266-4EA1-994E-F5222B55FE38} = {4D81AF84-D8D0-4DC9-976D-D6F10DBDF707}
		{06FE06BD-D7EC-4147-B52C-F23B9F807274} = {4D81AF84-D8D0-4DC9-976D-D6F10DBDF707}
		{E41D50A6-B94D-4FB1-A568-F7A7E1F69C40} = {F352881D-02A4-4D20-8CCA-D235F0C5720A}
		{7CB404F6-CD78-4370-A336-A5C8130BDF1E} = {E41D50A6-B94D-4FB1-A568-F7A7E1F69C40}
		{94A6319D-9484-4A4A-9654-ED89868A3FEC} = {E41D50A6-B94D-4FB1-A568-F7A7E1F69C40}
		{FE43D7A6-F82D-4BBF-B572-8413CB44A56B} = {E41D50A6-B94D-4FB1-A568-F7A7E1F69C40}
		{BAE507CF-34A1-49FB-9476-EDABC2F71E78} = {E41D50A6-B94D-4FB1-A568-F7A7E1F69C40}
	EndGlobalSection
	GlobalSection(ExtensibilityGlobals) = postSolution
		SolutionGuid = {AC997F40-9C25-4B31-8C3F-4E5452E63A63}
	EndGlobalSection
EndGlobal
